
Microsoft Visual Studio Solution File, Format Version 12.00
# Visual Studio Version 17
VisualStudioVersion = 17.4.33110.190
MinimumVisualStudioVersion = 10.0.40219.1
Project("{FAE04EC0-301F-11D3-BF4B-00C04F79EFBC}") = "TucEfCore2", "TucEfCore2\TucEfCore2.csproj", "{58176F4F-EEEB-4017-9EDB-2B3142334563}"
EndProject
Global
	GlobalSection(SolutionConfigurationPlatforms) = preSolution
		Debug|Any CPU = Debug|Any CPU
		Release|Any CPU = Release|Any CPU
	EndGlobalSection
	GlobalSection(ProjectConfigurationPlatforms) = postSolution
		{58176F4F-EEEB-4017-9EDB-2B3142334563}.Debug|Any CPU.ActiveCfg = Debug|Any CPU
		{58176F4F-EEEB-4017-9EDB-2B3142334563}.Debug|Any CPU.Build.0 = Debug|Any CPU
		{58176F4F-EEEB-4017-9EDB-2B3142334563}.Release|Any CPU.ActiveCfg = Release|Any CPU
		{58176F4F-EEEB-4017-9EDB-2B3142334563}.Release|Any CPU.Build.0 = Release|Any CPU
	EndGlobalSection
	GlobalSection(SolutionProperties) = preSolution
		HideSolutionNode = FALSE
	EndGlobalSection
	GlobalSection(ExtensibilityGlobals) = postSolution
		SolutionGuid = {FFA3E279-3C13-47D5-ADA4-439B92DA5801}
	EndGlobalSection
EndGlobal
